
Microsoft Visual Studio Solution File, Format Version 12.00
# Visual Studio Version 17
VisualStudioVersion = 17.7.34018.315
MinimumVisualStudioVersion = 10.0.40219.1
Project("{8BC9CEB8-8B4A-11D0-8D11-00A0C91BC942}") = "Alyssa Queen_Lab3.5-3.09.14.2023", "Alyssa Queen_Lab3.5-3.09.14.2023\Alyssa Queen_Lab3.5-3.09.14.2023.vcxproj", "{B06A2DBC-D178-4E95-B750-AE7F5DAFE125}"
EndProject
Global
	GlobalSection(SolutionConfigurationPlatforms) = preSolution
		Debug|x64 = Debug|x64
		Debug|x86 = Debug|x86
		Release|x64 = Release|x64
		Release|x86 = Release|x86
	EndGlobalSection
	GlobalSection(ProjectConfigurationPlatforms) = postSolution
		{B06A2DBC-D178-4E95-B750-AE7F5DAFE125}.Debug|x64.ActiveCfg = Debug|x64
		{B06A2DBC-D178-4E95-B750-AE7F5DAFE125}.Debug|x64.Build.0 = Debug|x64
		{B06A2DBC-D178-4E95-B750-AE7F5DAFE125}.Debug|x86.ActiveCfg = Debug|Win32
		{B06A2DBC-D178-4E95-B750-AE7F5DAFE125}.Debug|x86.Build.0 = Debug|Win32
		{B06A2DBC-D178-4E95-B750-AE7F5DAFE125}.Release|x64.ActiveCfg = Release|x64
		{B06A2DBC-D178-4E95-B750-AE7F5DAFE125}.Release|x64.Build.0 = Release|x64
		{B06A2DBC-D178-4E95-B750-AE7F5DAFE125}.Release|x86.ActiveCfg = Release|Win32
		{B06A2DBC-D178-4E95-B750-AE7F5DAFE125}.Release|x86.Build.0 = Release|Win32
	EndGlobalSection
	GlobalSection(SolutionProperties) = preSolution
		HideSolutionNode = FALSE
	EndGlobalSection
	GlobalSection(ExtensibilityGlobals) = postSolution
		SolutionGuid = {3047B3F8-2227-4D74-8F7A-D1CEADF0745B}
	EndGlobalSection
EndGlobal
